# This file is automatically @generated by Cargo.
# It is not intended for manual editing.
version = 4

[[package]]
name = "merle-app"
version = "0.1.0"
dependencies = [
 "merle-core",
 "merle-loader",
 "merle-raw",
]

[[package]]
name = "merle-core"
version = "0.1.0"

[[package]]
name = "merle-loader"
version = "0.1.0"
dependencies = [
 "merle-raw",
]

[[package]]
name = "merle-raw"
version = "0.1.0"

[[package]]
name = "merle-view"
version = "0.1.0"
dependencies = [
 "merle-loader",
 "merle-raw",
]
